# THIS IS AN AUTOGENERATED FILE. DO NOT EDIT THIS FILE DIRECTLY.
# yarn lockfile v1


esbuild@^0.9.0:
  version "0.9.0"
  resolved "https://registry.npm.taobao.org/esbuild/download/esbuild-0.9.0.tgz?cache=0&sync_timestamp=1615271983934&other_urls=https%3A%2F%2Fregistry.npm.taobao.org%2Fesbuild%2Fdownload%2Fesbuild-0.9.0.tgz#b8320df85048ed1637c6b59ee52abba248936d3c"
  integrity sha1-uDIN+FBI7RY3xrWe5Sq7okiTbTw=

miniprogram-api-typings@^3.3.0:
  version "3.3.0"
  resolved "https://registry.npm.taobao.org/miniprogram-api-typings/download/miniprogram-api-typings-3.3.0.tgz#3275d2ae66887481a410aedec54fd11eb8c7261f"
  integrity sha1-MnXSrmaIdIGkEK7exU/RHrjHJh8=

typescript@^4.2.3:
  version "4.2.3"
  resolved "https://registry.npm.taobao.org/typescript/download/typescript-4.2.3.tgz?cache=0&sync_timestamp=1615188548856&other_urls=https%3A%2F%2Fregistry.npm.taobao.org%2Ftypescript%2Fdownload%2Ftypescript-4.2.3.tgz#39062d8019912d43726298f09493d598048c1ce3"
  integrity sha1-OQYtgBmRLUNyYpjwlJPVmASMHOM=
